
Microsoft Visual Studio Solution File, Format Version 12.00
# Visual Studio Version 17
VisualStudioVersion = 17.2.32630.192
MinimumVisualStudioVersion = 10.0.40219.1
Project("{FAE04EC0-301F-11D3-BF4B-00C04F79EFBC}") = "Mediator", "Mediator.csproj", "{6AF0DC72-9B9F-45E4-9375-0EE93B479702}"
EndProject
Global
	GlobalSection(SolutionConfigurationPlatforms) = preSolution
		Debug|Any CPU = Debug|Any CPU
		Release|Any CPU = Release|Any CPU
	EndGlobalSection
	GlobalSection(ProjectConfigurationPlatforms) = postSolution
		{6AF0DC72-9B9F-45E4-9375-0EE93B479702}.Debug|Any CPU.ActiveCfg = Debug|Any CPU
		{6AF0DC72-9B9F-45E4-9375-0EE93B479702}.Debug|Any CPU.Build.0 = Debug|Any CPU
		{6AF0DC72-9B9F-45E4-9375-0EE93B479702}.Release|Any CPU.ActiveCfg = Release|Any CPU
		{6AF0DC72-9B9F-45E4-9375-0EE93B479702}.Release|Any CPU.Build.0 = Release|Any CPU
	EndGlobalSection
	GlobalSection(SolutionProperties) = preSolution
		HideSolutionNode = FALSE
	EndGlobalSection
	GlobalSection(ExtensibilityGlobals) = postSolution
		SolutionGuid = {17867954-02A0-476A-988E-422E207BD8EC}
	EndGlobalSection
EndGlobal
